
Microsoft Visual Studio Solution File, Format Version 12.00
# Visual Studio Version 17
VisualStudioVersion = 17.9.34616.47
MinimumVisualStudioVersion = 10.0.40219.1
Project("{FAE04EC0-301F-11D3-BF4B-00C04F79EFBC}") = "LOGİN_REGİSTER_CAGLAR_Taspinar", "LOGİN_REGİSTER_CAGLAR_Taspinar\LOGİN_REGİSTER_CAGLAR_Taspinar.csproj", "{D8401170-943A-477F-8F12-4FB92C49CFC0}"
EndProject
Global
	GlobalSection(SolutionConfigurationPlatforms) = preSolution
		Debug|Any CPU = Debug|Any CPU
		Release|Any CPU = Release|Any CPU
	EndGlobalSection
	GlobalSection(ProjectConfigurationPlatforms) = postSolution
		{D8401170-943A-477F-8F12-4FB92C49CFC0}.Debug|Any CPU.ActiveCfg = Debug|Any CPU
		{D8401170-943A-477F-8F12-4FB92C49CFC0}.Debug|Any CPU.Build.0 = Debug|Any CPU
		{D8401170-943A-477F-8F12-4FB92C49CFC0}.Release|Any CPU.ActiveCfg = Release|Any CPU
		{D8401170-943A-477F-8F12-4FB92C49CFC0}.Release|Any CPU.Build.0 = Release|Any CPU
	EndGlobalSection
	GlobalSection(SolutionProperties) = preSolution
		HideSolutionNode = FALSE
	EndGlobalSection
	GlobalSection(ExtensibilityGlobals) = postSolution
		SolutionGuid = {6E83413B-8576-4FD9-B5FB-E17DE015FD5D}
	EndGlobalSection
EndGlobal
